github.com/coreos/bbolt v1.3.1-coreos.6.0.20180223184059-4f5275f4ebbf h1:CmPJznEcWS7opZI1p2IXCRPDxE/6o4YFBv4HYb7VsH4=
github.com/coreos/bbolt v1.3.1-coreos.6.0.20180223184059-4f5275f4ebbf/go.mod h1:iRUV2dpdMOn7Bo10OQBFzIJO9kkE559Wcmn+qkEiiKk=
github.com/jessevdk/go-flags v0.0.0-20150816100521-1acbbaff2f34 h1:OsL9UGMqb35j8AxF7EK7UGEK58a4YAWo7DYtJIufuh0=
github.com/jessevdk/go-flags v0.0.0-20150816100521-1acbbaff2f34/go.mod h1:4FA24M0QyGHXBuZZK/XkWh8h0e1EYbRYJSGM75WSRxI=
github.com/mattn/go-isatty v0.0.12 h1:wuysRhFDzyxgEmMf5xjvJ2M9dZoWAXNNr5LSBS7uHXY=
github.com/mattn/go-isatty v0.0.12/go.mod h1:cbi8OIDigv2wuxKPP5vlRcQ1OAZbq2CE4Kysco4FUpU=
github.com/sabhiram/go-colorize v0.0.0-20210403184538-366f55d711cf h1:ohn00dtgqfd3k6+B257yGDnqzA4OR0WgWuyTl75TN64=
github.com/sabhiram/go-colorize v0.0.0-20210403184538-366f55d711cf/go.mod h1:GvlEbMJBpbAXFn06UajbdBlGZ18iLvHyuIrgG//L8uk=
github.com/stretchr/testify v0.0.0-20150929183540-2b15294402a8 h1:ryzplALtTWkUnRgVkNSsChh81lD3UeYMJ22gPVK/8N0=
github.com/stretchr/testify v0.0.0-20150929183540-2b15294402a8/go.mod h1:a8OnRcib4nhh0OaRAV+Yts87kKdq0PP7pXfy6kDkUVs=
golang.org/x/sys v0.0.0-20200116001909-b77594299b42/go.mod h1:h1NjWce9XRLGQEsW7wpKNCjG9DtNlClVuFLEZdDNbEs=
golang.org/x/sys v0.0.0-20210403161142-5e06dd20ab57 h1:F5Gozwx4I1xtr/sr/8CFbb57iKi3297KFs0QDbGN60A=
golang.org/x/sys v0.0.0-20210403161142-5e06dd20ab57/go.mod h1:h1NjWce9XRLGQEsW7wpKNCjG9DtNlClVuFLEZdDNbEs=
