github.com/coreos/bbolt v1.3.1-coreos.6.0.20180223184059-4f5275f4ebbf h1:CmPJznEcWS7opZI1p2IXCRPDxE/6o4YFBv4HYb7VsH4=
github.com/coreos/bbolt v1.3.1-coreos.6.0.20180223184059-4f5275f4ebbf/go.mod h1:iRUV2dpdMOn7Bo10OQBFzIJO9kkE559Wcmn+qkEiiKk=
github.com/jessevdk/go-flags v0.0.0-20150816100521-1acbbaff2f34 h1:OsL9UGMqb35j8AxF7EK7UGEK58a4YAWo7DYtJIufuh0=
github.com/jessevdk/go-flags v0.0.0-20150816100521-1acbbaff2f34/go.mod h1:4FA24M0QyGHXBuZZK/XkWh8h0e1EYbRYJSGM75WSRxI=
github.com/mattn/go-colorable v0.1.11 h1:nQ+aFkoE2TMGc0b68U2OKSexC+eq46+XwZzWXHRmPYs=
github.com/mattn/go-colorable v0.1.11/go.mod h1:u5H1YNBxpqRaxsYJYSkiCWKzEfiAb1Gb520KVy5xxl4=
github.com/mattn/go-isatty v0.0.12/go.mod h1:cbi8OIDigv2wuxKPP5vlRcQ1OAZbq2CE4Kysco4FUpU=
github.com/mattn/go-isatty v0.0.14 h1:yVuAays6BHfxijgZPzw+3Zlu5yQgKGP2/hcQbHb7S9Y=
github.com/mattn/go-isatty v0.0.14/go.mod h1:7GGIvUiUoEMVVmxf/4nioHXj79iQHKdU27kJ6hsGG94=
github.com/sabhiram/go-colorize v0.0.0-20210403184538-366f55d711cf h1:ohn00dtgqfd3k6+B257yGDnqzA4OR0WgWuyTl75TN64=
github.com/sabhiram/go-colorize v0.0.0-20210403184538-366f55d711cf/go.mod h1:GvlEbMJBpbAXFn06UajbdBlGZ18iLvHyuIrgG//L8uk=
github.com/stretchr/testify v0.0.0-20150929183540-2b15294402a8 h1:ryzplALtTWkUnRgVkNSsChh81lD3UeYMJ22gPVK/8N0=
github.com/stretchr/testify v0.0.0-20150929183540-2b15294402a8/go.mod h1:a8OnRcib4nhh0OaRAV+Yts87kKdq0PP7pXfy6kDkUVs=
golang.org/x/sys v0.0.0-20200116001909-b77594299b42/go.mod h1:h1NjWce9XRLGQEsW7wpKNCjG9DtNlClVuFLEZdDNbEs=
golang.org/x/sys v0.0.0-20210630005230-0f9fa26af87c/go.mod h1:oPkhp1MJrh7nUepCBck5+mAzfO9JrbApNNgaTdGDITg=
golang.org/x/sys v0.0.0-20210927094055-39ccf1dd6fa6/go.mod h1:oPkhp1MJrh7nUepCBck5+mAzfO9JrbApNNgaTdGDITg=
golang.org/x/sys v0.0.0-20211103235746-7861aae1554b h1:1VkfZQv42XQlA/jchYumAnv1UPo6RgF9rJFkTgZIxO4=
golang.org/x/sys v0.0.0-20211103235746-7861aae1554b/go.mod h1:oPkhp1MJrh7nUepCBck5+mAzfO9JrbApNNgaTdGDITg=
